# This file is automatically @generated by Poetry and should not be changed by hand.

[[package]]
name = "vale"
version = "2.20.2.0"
description = "Install and use Vale (grammar & style check tool) in python environments."
category = "main"
optional = false
python-versions = ">=3.7"
files = [
    {file = "vale-2.20.2.0-py3-none-any.whl", hash = "sha256:eb4273c57eb1540eec4032439204582125dacb5cf2133f570fcb5dabe3f5a542"},
    {file = "vale-2.20.2.0.tar.gz", hash = "sha256:8637c8aeef814b69d770666e521bf6976e18062a2269ca03cfa62ac4eef74f06"},
]

[metadata]
lock-version = "2.0"
python-versions = "^3.10"
content-hash = "97d3770d6c8659104665823691ca8730bebf883af706be48c98f261102e98743"
